
Microsoft Visual Studio Solution File, Format Version 12.00
# Visual Studio 15
VisualStudioVersion = 15.0.27130.2010
MinimumVisualStudioVersion = 10.0.40219.1
Project("{9A19103F-16F7-4668-BE54-9A1E7A4F7556}") = "Database", "Database\Database.csproj", "{6D513738-DB09-4B59-A9C0-9A2E03C437B8}"
EndProject
Project("{9A19103F-16F7-4668-BE54-9A1E7A4F7556}") = "DatabaseTest", "DatabaseTest\DatabaseTest.csproj", "{59A2508B-ACE8-4155-BD80-73760A69AB37}"
EndProject
Project("{7CF6DF6D-3B04-46F8-A40B-537D21BCA0B4}") = "Documentation", "Documentation\Documentation.shfbproj", "{503862C2-6B19-4349-8278-90FF93D46476}"
EndProject
Project("{FAE04EC0-301F-11D3-BF4B-00C04F79EFBC}") = "FourSquareAPI", "FourSquareAPI\FourSquareAPI.csproj", "{793A0AFA-9D26-42CD-AFFB-6349AF15DDFC}"
EndProject
Global
	GlobalSection(SolutionConfigurationPlatforms) = preSolution
		Debug|Any CPU = Debug|Any CPU
		Release|Any CPU = Release|Any CPU
	EndGlobalSection
	GlobalSection(ProjectConfigurationPlatforms) = postSolution
		{6D513738-DB09-4B59-A9C0-9A2E03C437B8}.Debug|Any CPU.ActiveCfg = Debug|Any CPU
		{6D513738-DB09-4B59-A9C0-9A2E03C437B8}.Debug|Any CPU.Build.0 = Debug|Any CPU
		{6D513738-DB09-4B59-A9C0-9A2E03C437B8}.Release|Any CPU.ActiveCfg = Release|Any CPU
		{6D513738-DB09-4B59-A9C0-9A2E03C437B8}.Release|Any CPU.Build.0 = Release|Any CPU
		{59A2508B-ACE8-4155-BD80-73760A69AB37}.Debug|Any CPU.ActiveCfg = Debug|Any CPU
		{59A2508B-ACE8-4155-BD80-73760A69AB37}.Debug|Any CPU.Build.0 = Debug|Any CPU
		{59A2508B-ACE8-4155-BD80-73760A69AB37}.Release|Any CPU.ActiveCfg = Release|Any CPU
		{59A2508B-ACE8-4155-BD80-73760A69AB37}.Release|Any CPU.Build.0 = Release|Any CPU
		{503862C2-6B19-4349-8278-90FF93D46476}.Debug|Any CPU.ActiveCfg = Debug|Any CPU
		{503862C2-6B19-4349-8278-90FF93D46476}.Debug|Any CPU.Build.0 = Debug|Any CPU
		{503862C2-6B19-4349-8278-90FF93D46476}.Release|Any CPU.ActiveCfg = Release|Any CPU
		{503862C2-6B19-4349-8278-90FF93D46476}.Release|Any CPU.Build.0 = Release|Any CPU
		{793A0AFA-9D26-42CD-AFFB-6349AF15DDFC}.Debug|Any CPU.ActiveCfg = Debug|Any CPU
		{793A0AFA-9D26-42CD-AFFB-6349AF15DDFC}.Debug|Any CPU.Build.0 = Debug|Any CPU
		{793A0AFA-9D26-42CD-AFFB-6349AF15DDFC}.Release|Any CPU.ActiveCfg = Release|Any CPU
		{793A0AFA-9D26-42CD-AFFB-6349AF15DDFC}.Release|Any CPU.Build.0 = Release|Any CPU
	EndGlobalSection
	GlobalSection(SolutionProperties) = preSolution
		HideSolutionNode = FALSE
	EndGlobalSection
	GlobalSection(ExtensibilityGlobals) = postSolution
		SolutionGuid = {021E842E-756C-46EC-8D31-8BB1FFA09AD8}
	EndGlobalSection
EndGlobal
